
Microsoft Visual Studio Solution File, Format Version 11.00
# Visual Studio 2010
Project("{FAE04EC0-301F-11D3-BF4B-00C04F79EFBC}") = "Lab3_3", "Lab3_3\Lab3_3.csproj", "{B6084853-DD3B-4B8F-B149-74F9D5BB9801}"
EndProject
Global
	GlobalSection(SolutionConfigurationPlatforms) = preSolution
		Debug|x86 = Debug|x86
		Release|x86 = Release|x86
	EndGlobalSection
	GlobalSection(ProjectConfigurationPlatforms) = postSolution
		{B6084853-DD3B-4B8F-B149-74F9D5BB9801}.Debug|x86.ActiveCfg = Debug|x86
		{B6084853-DD3B-4B8F-B149-74F9D5BB9801}.Debug|x86.Build.0 = Debug|x86
		{B6084853-DD3B-4B8F-B149-74F9D5BB9801}.Release|x86.ActiveCfg = Release|x86
		{B6084853-DD3B-4B8F-B149-74F9D5BB9801}.Release|x86.Build.0 = Release|x86
	EndGlobalSection
	GlobalSection(SolutionProperties) = preSolution
		HideSolutionNode = FALSE
	EndGlobalSection
EndGlobal
